
Microsoft Visual Studio Solution File, Format Version 12.00
# Visual Studio Version 17
VisualStudioVersion = 17.1.32319.34
MinimumVisualStudioVersion = 10.0.40219.1
Project("{9A19103F-16F7-4668-BE54-9A1E7A4F7556}") = "clivetran.xyz", "clivetran.xyz\clivetran.xyz.csproj", "{E03DAB1A-A03E-4C41-AA03-D9DA0D3D93FB}"
EndProject
Project("{FAE04EC0-301F-11D3-BF4B-00C04F79EFBC}") = "Infrastructure", "Infrastructure\Infrastructure.csproj", "{39A6EC00-1C23-421D-899A-808D775FA554}"
EndProject
Project("{FAE04EC0-301F-11D3-BF4B-00C04F79EFBC}") = "Domain", "Domain\Domain.csproj", "{B0F4920A-398B-4FDA-BBF3-1D6D9C296B3E}"
EndProject
Global
	GlobalSection(SolutionConfigurationPlatforms) = preSolution
		Debug|Any CPU = Debug|Any CPU
		Release|Any CPU = Release|Any CPU
	EndGlobalSection
	GlobalSection(ProjectConfigurationPlatforms) = postSolution
		{E03DAB1A-A03E-4C41-AA03-D9DA0D3D93FB}.Debug|Any CPU.ActiveCfg = Debug|Any CPU
		{E03DAB1A-A03E-4C41-AA03-D9DA0D3D93FB}.Debug|Any CPU.Build.0 = Debug|Any CPU
		{E03DAB1A-A03E-4C41-AA03-D9DA0D3D93FB}.Release|Any CPU.ActiveCfg = Release|Any CPU
		{E03DAB1A-A03E-4C41-AA03-D9DA0D3D93FB}.Release|Any CPU.Build.0 = Release|Any CPU
		{39A6EC00-1C23-421D-899A-808D775FA554}.Debug|Any CPU.ActiveCfg = Debug|Any CPU
		{39A6EC00-1C23-421D-899A-808D775FA554}.Debug|Any CPU.Build.0 = Debug|Any CPU
		{39A6EC00-1C23-421D-899A-808D775FA554}.Release|Any CPU.ActiveCfg = Release|Any CPU
		{39A6EC00-1C23-421D-899A-808D775FA554}.Release|Any CPU.Build.0 = Release|Any CPU
		{B0F4920A-398B-4FDA-BBF3-1D6D9C296B3E}.Debug|Any CPU.ActiveCfg = Debug|Any CPU
		{B0F4920A-398B-4FDA-BBF3-1D6D9C296B3E}.Debug|Any CPU.Build.0 = Debug|Any CPU
		{B0F4920A-398B-4FDA-BBF3-1D6D9C296B3E}.Release|Any CPU.ActiveCfg = Release|Any CPU
		{B0F4920A-398B-4FDA-BBF3-1D6D9C296B3E}.Release|Any CPU.Build.0 = Release|Any CPU
	EndGlobalSection
	GlobalSection(SolutionProperties) = preSolution
		HideSolutionNode = FALSE
	EndGlobalSection
	GlobalSection(ExtensibilityGlobals) = postSolution
		SolutionGuid = {EA9AFFC4-3811-46C0-9ED1-D707F703E146}
	EndGlobalSection
EndGlobal
